
Microsoft Visual Studio Solution File, Format Version 12.00
# Visual Studio Version 17
VisualStudioVersion = 17.4.33103.184
MinimumVisualStudioVersion = 10.0.40219.1
Project("{FAE04EC0-301F-11D3-BF4B-00C04F79EFBC}") = "employeeManagementMVC", "employeeManagementMVC\employeeManagementMVC.csproj", "{5377A53E-8C6F-41BD-8442-C0A0CA001928}"
EndProject
Global
	GlobalSection(SolutionConfigurationPlatforms) = preSolution
		Debug|Any CPU = Debug|Any CPU
		Release|Any CPU = Release|Any CPU
	EndGlobalSection
	GlobalSection(ProjectConfigurationPlatforms) = postSolution
		{5377A53E-8C6F-41BD-8442-C0A0CA001928}.Debug|Any CPU.ActiveCfg = Debug|Any CPU
		{5377A53E-8C6F-41BD-8442-C0A0CA001928}.Debug|Any CPU.Build.0 = Debug|Any CPU
		{5377A53E-8C6F-41BD-8442-C0A0CA001928}.Release|Any CPU.ActiveCfg = Release|Any CPU
		{5377A53E-8C6F-41BD-8442-C0A0CA001928}.Release|Any CPU.Build.0 = Release|Any CPU
	EndGlobalSection
	GlobalSection(SolutionProperties) = preSolution
		HideSolutionNode = FALSE
	EndGlobalSection
	GlobalSection(ExtensibilityGlobals) = postSolution
		SolutionGuid = {B9127EDC-8862-4CD5-A45F-BEDD2D622F62}
	EndGlobalSection
EndGlobal
